// !$*UTF8*$!
{
	archiveVersion = 1;
	classes = {
	};
	objectVersion = 48;
	objects = {

/* Begin PBXBuildFile section */
		71509E97206959DD0084B198 /* AppDelegate.swift in Sources */ = {isa = PBXBuildFile; fileRef = 71509E96206959DD0084B198 /* AppDelegate.swift */; };
		71509E99206959DD0084B198 /* ViewController.swift in Sources */ = {isa = PBXBuildFile; fileRef = 71509E98206959DD0084B198 /* ViewController.swift */; };
		71509E9C206959DD0084B198 /* Main.storyboard in Resources */ = {isa = PBXBuildFile; fileRef = 71509E9A206959DD0084B198 /* Main.storyboard */; };
		71509E9E206959DD0084B198 /* Assets.xcassets in Resources */ = {isa = PBXBuildFile; fileRef = 71509E9D206959DD0084B198 /* Assets.xcassets */; };
		71509EA1206959DD0084B198 /* LaunchScreen.storyboard in Resources */ = {isa = PBXBuildFile; fileRef = 71509E9F206959DD0084B198 /* LaunchScreen.storyboard */; };
		71509EA9206A7F0D0084B198 /* CustomCell.swift in Sources */ = {isa = PBXBuildFile; fileRef = 71509EA8206A7F0D0084B198 /* CustomCell.swift */; };
		71AD5CC1207123AD0067A209 /* Constants.swift in Sources */ = {isa = PBXBuildFile; fileRef = 71AD5CC0207123AD0067A209 /* Constants.swift */; };
/* End PBXBuildFile section */

/* Begin PBXFileReference section */
		71509E93206959DD0084B198 /* ExpandableCell.app */ = {isa = PBXFileReference; explicitFileType = wrapper.application; includeInIndex = 0; path = ExpandableCell.app; sourceTree = BUILT_PRODUCTS_DIR; };
		71509E96206959DD0084B198 /* AppDelegate.swift */ = {isa = PBXFileReference; lastKnownFileType = sourcecode.swift; path = AppDelegate.swift; sourceTree = "<group>"; };
		71509E98206959DD0084B198 /* ViewController.swift */ = {isa = PBXFileReference; lastKnownFileType = sourcecode.swift; path = ViewController.swift; sourceTree = "<group>"; };
		71509E9B206959DD0084B198 /* Base */ = {isa = PBXFileReference; lastKnownFileType = file.storyboard; name = Base; path = Base.lproj/Main.storyboard; sourceTree = "<group>"; };
		71509E9D206959DD0084B198 /* Assets.xcassets */ = {isa = PBXFileReference; lastKnownFileType = folder.assetcatalog; path = Assets.xcassets; sourceTree = "<group>"; };
		71509EA0206959DD0084B198 /* Base */ = {isa = PBXFileReference; lastKnownFileType = file.storyboard; name = Base; path = Base.lproj/LaunchScreen.storyboard; sourceTree = "<group>"; };
		71509EA2206959DD0084B198 /* Info.plist */ = {isa = PBXFileReference; lastKnownFileType = text.plist.xml; path = Info.plist; sourceTree = "<group>"; };
		71509EA8206A7F0D0084B198 /* CustomCell.swift */ = {isa = PBXFileReference; lastKnownFileType = sourcecode.swift; path = CustomCell.swift; sourceTree = "<group>"; };
		71AD5CC0207123AD0067A209 /* Constants.swift */ = {isa = PBXFileReference; lastKnownFileType = sourcecode.swift; path = Constants.swift; sourceTree = "<group>"; };
/* End PBXFileReference section */

/* Begin PBXFrameworksBuildPhase section */
		71509E90206959DD0084B198 /* Frameworks */ = {
			isa = PBXFrameworksBuildPhase;
			buildActionMask = 2147483647;
			files = (
			);
			runOnlyForDeploymentPostprocessing = 0;
		};
/* End PBXFrameworksBuildPhase section */

/* Begin PBXGroup section */
		71509E8A206959DD0084B198 = {
			isa = PBXGroup;
			children = (
				71509E95206959DD0084B198 /* ExpandableCell */,
				71509E94206959DD0084B198 /* Products */,
			);
			sourceTree = "<group>";
		};
		71509E94206959DD0084B198 /* Products */ = {
			isa = PBXGroup;
			children = (
				71509E93206959DD0084B198 /* ExpandableCell.app */,
			);
			name = Products;
			sourceTree = "<group>";
		};
		71509E95206959DD0084B198 /* ExpandableCell */ = {
			isa = PBXGroup;
			children = (
				71AD5CC22073EAEA0067A209 /* Application */,
				71AD5CC0207123AD0067A209 /* Constants.swift */,
				71509E98206959DD0084B198 /* ViewController.swift */,
				71509EA8206A7F0D0084B198 /* CustomCell.swift */,
				71509E9A206959DD0084B198 /* Main.storyboard */,
				71509E9D206959DD0084B198 /* Assets.xcassets */,
			);
			path = ExpandableCell;
			sourceTree = "<group>";
		};
		71AD5CC22073EAEA0067A209 /* Application */ = {
			isa = PBXGroup;
			children = (
				71509EA2206959DD0084B198 /* Info.plist */,
				71509E9F206959DD0084B198 /* LaunchScreen.storyboard */,
				71509E96206959DD0084B198 /* AppDelegate.swift */,
			);
			path = Application;
			sourceTree = "<group>";
		};
/* End PBXGroup section */

/* Begin PBXNativeTarget section */
		71509E92206959DD0084B198 /* ExpandableCell */ = {
			isa = PBXNativeTarget;
			buildConfigurationList = 71509EA5206959DD0084B198 /* Build configuration list for PBXNativeTarget "ExpandableCell" */;
			buildPhases = (
				71509E8F206959DD0084B198 /* Sources */,
				71509E90206959DD0084B198 /* Frameworks */,
				71509E91206959DD0084B198 /* Resources */,
			);
			buildRules = (
			);
			dependencies = (
			);
			name = ExpandableCell;
			productName = ExpandableCell;
			productReference = 71509E93206959DD0084B198 /* ExpandableCell.app */;
			productType = "com.apple.product-type.application";
		};
/* End PBXNativeTarget section */

/* Begin PBXProject section */
		71509E8B206959DD0084B198 /* Project object */ = {
			isa = PBXProject;
			attributes = {
				LastSwiftUpdateCheck = 0920;
				LastUpgradeCheck = 0920;
				ORGANIZATIONNAME = "Victor Magalhaes";
				TargetAttributes = {
					71509E92206959DD0084B198 = {
						CreatedOnToolsVersion = 9.2;
						ProvisioningStyle = Automatic;
					};
				};
			};
			buildConfigurationList = 71509E8E206959DD0084B198 /* Build configuration list for PBXProject "ExpandableCell" */;
			compatibilityVersion = "Xcode 8.0";
			developmentRegion = en;
			hasScannedForEncodings = 0;
			knownRegions = (
				en,
				Base,
			);
			mainGroup = 71509E8A206959DD0084B198;
			productRefGroup = 71509E94206959DD0084B198 /* Products */;
			projectDirPath = "";
			projectRoot = "";
			targets = (
				71509E92206959DD0084B198 /* ExpandableCell */,
			);
		};
/* End PBXProject section */

/* Begin PBXResourcesBuildPhase section */
		71509E91206959DD0084B198 /* Resources */ = {
			isa = PBXResourcesBuildPhase;
			buildActionMask = 2147483647;
			files = (
				71509EA1206959DD0084B198 /* LaunchScreen.storyboard in Resources */,
				71509E9E206959DD0084B198 /* Assets.xcassets in Resources */,
				71509E9C206959DD0084B198 /* Main.storyboard in Resources */,
			);
			runOnlyForDeploymentPostprocessing = 0;
		};
/* End PBXResourcesBuildPhase section */

/* Begin PBXSourcesBuildPhase section */
		71509E8F206959DD0084B198 /* Sources */ = {
			isa = PBXSourcesBuildPhase;
			buildActionMask = 2147483647;
			files = (
				71509E99206959DD0084B198 /* ViewController.swift in Sources */,
				71509EA9206A7F0D0084B198 /* CustomCell.swift in Sources */,
				71509E97206959DD0084B198 /* AppDelegate.swift in Sources */,
				71AD5CC1207123AD0067A209 /* Constants.swift in Sources */,
			);
			runOnlyForDeploymentPostprocessing = 0;
		};
/* End PBXSourcesBuildPhase section */

/* Begin PBXVariantGroup section */
		71509E9A206959DD0084B198 /* Main.storyboard */ = {
			isa = PBXVariantGroup;
			children = (
				71509E9B206959DD0084B198 /* Base */,
			);
			name = Main.storyboard;
			sourceTree = "<group>";
		};
		71509E9F206959DD0084B198 /* LaunchScreen.storyboard */ = {
			isa = PBXVariantGroup;
			children = (
				71509EA0206959DD0084B198 /* Base */,
			);
			name = LaunchScreen.storyboard;
			sourceTree = "<group>";
		};
/* End PBXVariantGroup section */

/* Begin XCBuildConfiguration section */
		71509EA3206959DD0084B198 /* Debug */ = {
			isa = XCBuildConfiguration;
			buildSettings = {
				ALWAYS_SEARCH_USER_PATHS = NO;
				CLANG_ANALYZER_NONNULL = YES;
				CLANG_ANALYZER_NUMBER_OBJECT_CONVERSION = YES_AGGRESSIVE;
				CLANG_CXX_LANGUAGE_STANDARD = "gnu++14";
				CLANG_CXX_LIBRARY = "libc++";
				CLANG_ENABLE_MODULES = YES;
				CLANG_ENABLE_OBJC_ARC = YES;
				CLANG_WARN_BLOCK_CAPTURE_AUTORELEASING = YES;
				CLANG_WARN_BOOL_CONVERSION = YES;
				CLANG_WARN_COMMA = YES;
				CLANG_WARN_CONSTANT_CONVERSION = YES;
				CLANG_WARN_DIRECT_OBJC_ISA_USAGE = YES_ERROR;
				CLANG_WARN_DOCUMENTATION_COMMENTS = YES;
				CLANG_WARN_EMPTY_BODY = YES;
				CLANG_WARN_ENUM_CONVERSION = YES;
				CLANG_WARN_INFINITE_RECURSION = YES;
				CLANG_WARN_INT_CONVERSION = YES;
				CLANG_WARN_NON_LITERAL_NULL_CONVERSION = YES;
				CLANG_WARN_OBJC_LITERAL_CONVERSION = YES;
				CLANG_WARN_OBJC_ROOT_CLASS = YES_ERROR;
				CLANG_WARN_RANGE_LOOP_ANALYSIS = YES;
				CLANG_WARN_STRICT_PROTOTYPES = YES;
				CLANG_WARN_SUSPICIOUS_MOVE = YES;
				CLANG_WARN_UNGUARDED_AVAILABILITY = YES_AGGRESSIVE;
				CLANG_WARN_UNREACHABLE_CODE = YES;
				CLANG_WARN__DUPLICATE_METHOD_MATCH = YES;
				CODE_SIGN_IDENTITY = "iPhone Developer";
				COPY_PHASE_STRIP = NO;
				DEBUG_INFORMATION_FORMAT = dwarf;
				ENABLE_STRICT_OBJC_MSGSEND = YES;
				ENABLE_TESTABILITY = YES;
				GCC_C_LANGUAGE_STANDARD = gnu11;
				GCC_DYNAMIC_NO_PIC = NO;
				GCC_NO_COMMON_BLOCKS = YES;
				GCC_OPTIMIZATION_LEVEL = 0;
				GCC_PREPROCESSOR_DEFINITIONS = (
					"DEBUG=1",
					"$(inherited)",
				);
				GCC_WARN_64_TO_32_BIT_CONVERSION = YES;
				GCC_WARN_ABOUT_RETURN_TYPE = YES_ERROR;
				GCC_WARN_UNDECLARED_SELECTOR = YES;
				GCC_WARN_UNINITIALIZED_AUTOS = YES_AGGRESSIVE;
				GCC_WARN_UNUSED_FUNCTION = YES;
				GCC_WARN_UNUSED_VARIABLE = YES;
				IPHONEOS_DEPLOYMENT_TARGET = 11.2;
				MTL_ENABLE_DEBUG_INFO = YES;
				ONLY_ACTIVE_ARCH = YES;
				SDKROOT = iphoneos;
				SWIFT_ACTIVE_COMPILATION_CONDITIONS = DEBUG;
				SWIFT_OPTIMIZATION_LEVEL = "-Onone";
			};
			name = Debug;
		};
		71509EA4206959DD0084B198 /* Release */ = {
			isa = XCBuildConfiguration;
			buildSettings = {
				ALWAYS_SEARCH_USER_PATHS = NO;
				CLANG_ANALYZER_NONNULL = YES;
				CLANG_ANALYZER_NUMBER_OBJECT_CONVERSION = YES_AGGRESSIVE;
				CLANG_CXX_LANGUAGE_STANDARD = "gnu++14";
				CLANG_CXX_LIBRARY = "libc++";
				CLANG_ENABLE_MODULES = YES;
				CLANG_ENABLE_OBJC_ARC = YES;
				CLANG_WARN_BLOCK_CAPTURE_AUTORELEASING = YES;
				CLANG_WARN_BOOL_CONVERSION = YES;
				CLANG_WARN_COMMA = YES;
				CLANG_WARN_CONSTANT_CONVERSION = YES;
				CLANG_WARN_DIRECT_OBJC_ISA_USAGE = YES_ERROR;
				CLANG_WARN_DOCUMENTATION_COMMENTS = YES;
				CLANG_WARN_EMPTY_BODY = YES;
				CLANG_WARN_ENUM_CONVERSION = YES;
				CLANG_WARN_INFINITE_RECURSION = YES;
				CLANG_WARN_INT_CONVERSION = YES;
				CLANG_WARN_NON_LITERAL_NULL_CONVERSION = YES;
				CLANG_WARN_OBJC_LITERAL_CONVERSION = YES;
				CLANG_WARN_OBJC_ROOT_CLASS = YES_ERROR;
				CLANG_WARN_RANGE_LOOP_ANALYSIS = YES;
				CLANG_WARN_STRICT_PROTOTYPES = YES;
				CLANG_WARN_SUSPICIOUS_MOVE = YES;
				CLANG_WARN_UNGUARDED_AVAILABILITY = YES_AGGRESSIVE;
				CLANG_WARN_UNREACHABLE_CODE = YES;
				CLANG_WARN__DUPLICATE_METHOD_MATCH = YES;
				CODE_SIGN_IDENTITY = "iPhone Developer";
				COPY_PHASE_STRIP = NO;
				DEBUG_INFORMATION_FORMAT = "dwarf-with-dsym";
				ENABLE_NS_ASSERTIONS = NO;
				ENABLE_STRICT_OBJC_MSGSEND = YES;
				GCC_C_LANGUAGE_STANDARD = gnu11;
				GCC_NO_COMMON_BLOCKS = YES;
				GCC_WARN_64_TO_32_BIT_CONVERSION = YES;
				GCC_WARN_ABOUT_RETURN_TYPE = YES_ERROR;
				GCC_WARN_UNDECLARED_SELECTOR = YES;
				GCC_WARN_UNINITIALIZED_AUTOS = YES_AGGRESSIVE;
				GCC_WARN_UNUSED_FUNCTION = YES;
				GCC_WARN_UNUSED_VARIABLE = YES;
				IPHONEOS_DEPLOYMENT_TARGET = 11.2;
				MTL_ENABLE_DEBUG_INFO = NO;
				SDKROOT = iphoneos;
				SWIFT_OPTIMIZATION_LEVEL = "-Owholemodule";
				VALIDATE_PRODUCT = YES;
			};
			name = Release;
		};
		71509EA6206959DD0084B198 /* Debug */ = {
			isa = XCBuildConfiguration;
			buildSettings = {
				ASSETCATALOG_COMPILER_APPICON_NAME = AppIcon;
				CODE_SIGN_STYLE = Automatic;
				DEVELOPMENT_TEAM = PFBFJV3F25;
				INFOPLIST_FILE = "$(SRCROOT)/ExpandableCell/Application/Info.plist";
				LD_RUNPATH_SEARCH_PATHS = "$(inherited) @executable_path/Frameworks";
				PRODUCT_BUNDLE_IDENTIFIER = com.victorpanitz.ExpandableCell;
				PRODUCT_NAME = "$(TARGET_NAME)";
				SWIFT_VERSION = 4.0;
				TARGETED_DEVICE_FAMILY = "1,2";
			};
			name = Debug;
		};
		71509EA7206959DD0084B198 /* Release */ = {
			isa = XCBuildConfiguration;
			buildSettings = {
				ASSETCATALOG_COMPILER_APPICON_NAME = AppIcon;
				CODE_SIGN_STYLE = Automatic;
				DEVELOPMENT_TEAM = PFBFJV3F25;
				INFOPLIST_FILE = "$(SRCROOT)/ExpandableCell/Application/Info.plist";
				LD_RUNPATH_SEARCH_PATHS = "$(inherited) @executable_path/Frameworks";
				PRODUCT_BUNDLE_IDENTIFIER = com.victorpanitz.ExpandableCell;
				PRODUCT_NAME = "$(TARGET_NAME)";
				SWIFT_VERSION = 4.0;
				TARGETED_DEVICE_FAMILY = "1,2";
			};
			name = Release;
		};
/* End XCBuildConfiguration section */

/* Begin XCConfigurationList section */
		71509E8E206959DD0084B198 /* Build configuration list for PBXProject "ExpandableCell" */ = {
			isa = XCConfigurationList;
			buildConfigurations = (
				71509EA3206959DD0084B198 /* Debug */,
				71509EA4206959DD0084B198 /* Release */,
			);
			defaultConfigurationIsVisible = 0;
			defaultConfigurationName = Release;
		};
		71509EA5206959DD0084B198 /* Build configuration list for PBXNativeTarget "ExpandableCell" */ = {
			isa = XCConfigurationList;
			buildConfigurations = (
				71509EA6206959DD0084B198 /* Debug */,
				71509EA7206959DD0084B198 /* Release */,
			);
			defaultConfigurationIsVisible = 0;
			defaultConfigurationName = Release;
		};
/* End XCConfigurationList section */
	};
	rootObject = 71509E8B206959DD0084B198 /* Project object */;
}
